
Microsoft Visual Studio Solution File, Format Version 12.00
# Visual Studio Version 16
VisualStudioVersion = 16.0.29503.13
MinimumVisualStudioVersion = 10.0.40219.1
Project("{9092AA53-FB77-4645-B42D-1CCCA6BD08BD}") = "LetsFly_ReactTS_NodeJS2", "LetsFly_ReactTS_NodeJS2\LetsFly_ReactTS_NodeJS2.njsproj", "{867251DA-4A01-4A94-8C12-2CFD5A07DE8C}"
EndProject
Project("{9092AA53-FB77-4645-B42D-1CCCA6BD08BD}") = "LetsFly_ReactTS_NodeJS1", "LetsFly_ReactTS_NodeJS1\LetsFly_ReactTS_NodeJS1.njsproj", "{E1397BC3-D4CC-4019-9E7D-9EE9B97D86A9}"
EndProject
Global
	GlobalSection(SolutionConfigurationPlatforms) = preSolution
		Debug|Any CPU = Debug|Any CPU
		Release|Any CPU = Release|Any CPU
	EndGlobalSection
	GlobalSection(ProjectConfigurationPlatforms) = postSolution
		{867251DA-4A01-4A94-8C12-2CFD5A07DE8C}.Debug|Any CPU.ActiveCfg = Debug|Any CPU
		{867251DA-4A01-4A94-8C12-2CFD5A07DE8C}.Debug|Any CPU.Build.0 = Debug|Any CPU
		{867251DA-4A01-4A94-8C12-2CFD5A07DE8C}.Release|Any CPU.ActiveCfg = Release|Any CPU
		{867251DA-4A01-4A94-8C12-2CFD5A07DE8C}.Release|Any CPU.Build.0 = Release|Any CPU
		{E1397BC3-D4CC-4019-9E7D-9EE9B97D86A9}.Debug|Any CPU.ActiveCfg = Debug|Any CPU
		{E1397BC3-D4CC-4019-9E7D-9EE9B97D86A9}.Debug|Any CPU.Build.0 = Debug|Any CPU
		{E1397BC3-D4CC-4019-9E7D-9EE9B97D86A9}.Release|Any CPU.ActiveCfg = Release|Any CPU
		{E1397BC3-D4CC-4019-9E7D-9EE9B97D86A9}.Release|Any CPU.Build.0 = Release|Any CPU
	EndGlobalSection
	GlobalSection(SolutionProperties) = preSolution
		HideSolutionNode = FALSE
	EndGlobalSection
	GlobalSection(ExtensibilityGlobals) = postSolution
		SolutionGuid = {3C55111A-D086-4CE4-9B3F-70B3E043C995}
	EndGlobalSection
EndGlobal
